
Microsoft Visual Studio Solution File, Format Version 12.00
# Visual Studio 2012
Project("{8BC9CEB8-8B4A-11D0-8D11-00A0C91BC942}") = "apollo_entrypoint", "apollo_entrypoint\apollo_entrypoint.vcxproj", "{F4705C6A-08C3-4693-9A3C-4128424FEEC9}"
EndProject
Project("{8BC9CEB8-8B4A-11D0-8D11-00A0C91BC942}") = "jupiter_entrypoint", "jupiter_entrypoint\jupiter_entrypoint.vcxproj", "{FF9B6629-EBE4-4A7A-A315-A8FCCD6ECA9D}"
EndProject
Project("{8BC9CEB8-8B4A-11D0-8D11-00A0C91BC942}") = "durango_entrypoint", "durango_entrypoint\durango_entrypoint.vcxproj", "{C8D53D04-6A1C-4099-9295-4DC571879017}"
EndProject
Global
	GlobalSection(SolutionConfigurationPlatforms) = preSolution
		Debug|ARM = Debug|ARM
		Debug|Durango = Debug|Durango
		Debug|Mixed Platforms = Debug|Mixed Platforms
		Debug|Win32 = Debug|Win32
		Debug|x64 = Debug|x64
		Profile|ARM = Profile|ARM
		Profile|Durango = Profile|Durango
		Profile|Mixed Platforms = Profile|Mixed Platforms
		Profile|Win32 = Profile|Win32
		Profile|x64 = Profile|x64
		Release|ARM = Release|ARM
		Release|Durango = Release|Durango
		Release|Mixed Platforms = Release|Mixed Platforms
		Release|Win32 = Release|Win32
		Release|x64 = Release|x64
	EndGlobalSection
	GlobalSection(ProjectConfigurationPlatforms) = postSolution
		{F4705C6A-08C3-4693-9A3C-4128424FEEC9}.Debug|ARM.ActiveCfg = Debug|ARM
		{F4705C6A-08C3-4693-9A3C-4128424FEEC9}.Debug|ARM.Build.0 = Debug|ARM
		{F4705C6A-08C3-4693-9A3C-4128424FEEC9}.Debug|ARM.Deploy.0 = Debug|ARM
		{F4705C6A-08C3-4693-9A3C-4128424FEEC9}.Debug|Durango.ActiveCfg = Debug|Win32
		{F4705C6A-08C3-4693-9A3C-4128424FEEC9}.Debug|Mixed Platforms.ActiveCfg = Debug|Win32
		{F4705C6A-08C3-4693-9A3C-4128424FEEC9}.Debug|Mixed Platforms.Build.0 = Debug|Win32
		{F4705C6A-08C3-4693-9A3C-4128424FEEC9}.Debug|Mixed Platforms.Deploy.0 = Debug|Win32
		{F4705C6A-08C3-4693-9A3C-4128424FEEC9}.Debug|Win32.ActiveCfg = Debug|Win32
		{F4705C6A-08C3-4693-9A3C-4128424FEEC9}.Debug|Win32.Build.0 = Debug|Win32
		{F4705C6A-08C3-4693-9A3C-4128424FEEC9}.Debug|Win32.Deploy.0 = Debug|Win32
		{F4705C6A-08C3-4693-9A3C-4128424FEEC9}.Debug|x64.ActiveCfg = Debug|Win32
		{F4705C6A-08C3-4693-9A3C-4128424FEEC9}.Profile|ARM.ActiveCfg = Release|ARM
		{F4705C6A-08C3-4693-9A3C-4128424FEEC9}.Profile|ARM.Build.0 = Release|ARM
		{F4705C6A-08C3-4693-9A3C-4128424FEEC9}.Profile|ARM.Deploy.0 = Release|ARM
		{F4705C6A-08C3-4693-9A3C-4128424FEEC9}.Profile|Durango.ActiveCfg = Release|Win32
		{F4705C6A-08C3-4693-9A3C-4128424FEEC9}.Profile|Mixed Platforms.ActiveCfg = Release|Win32
		{F4705C6A-08C3-4693-9A3C-4128424FEEC9}.Profile|Mixed Platforms.Build.0 = Release|Win32
		{F4705C6A-08C3-4693-9A3C-4128424FEEC9}.Profile|Mixed Platforms.Deploy.0 = Release|Win32
		{F4705C6A-08C3-4693-9A3C-4128424FEEC9}.Profile|Win32.ActiveCfg = Release|Win32
		{F4705C6A-08C3-4693-9A3C-4128424FEEC9}.Profile|Win32.Build.0 = Release|Win32
		{F4705C6A-08C3-4693-9A3C-4128424FEEC9}.Profile|Win32.Deploy.0 = Release|Win32
		{F4705C6A-08C3-4693-9A3C-4128424FEEC9}.Profile|x64.ActiveCfg = Release|Win32
		{F4705C6A-08C3-4693-9A3C-4128424FEEC9}.Release|ARM.ActiveCfg = Release|ARM
		{F4705C6A-08C3-4693-9A3C-4128424FEEC9}.Release|ARM.Build.0 = Release|ARM
		{F4705C6A-08C3-4693-9A3C-4128424FEEC9}.Release|ARM.Deploy.0 = Release|ARM
		{F4705C6A-08C3-4693-9A3C-4128424FEEC9}.Release|Durango.ActiveCfg = Release|Win32
		{F4705C6A-08C3-4693-9A3C-4128424FEEC9}.Release|Mixed Platforms.ActiveCfg = Release|Win32
		{F4705C6A-08C3-4693-9A3C-4128424FEEC9}.Release|Mixed Platforms.Build.0 = Release|Win32
		{F4705C6A-08C3-4693-9A3C-4128424FEEC9}.Release|Mixed Platforms.Deploy.0 = Release|Win32
		{F4705C6A-08C3-4693-9A3C-4128424FEEC9}.Release|Win32.ActiveCfg = Release|Win32
		{F4705C6A-08C3-4693-9A3C-4128424FEEC9}.Release|Win32.Build.0 = Release|Win32
		{F4705C6A-08C3-4693-9A3C-4128424FEEC9}.Release|Win32.Deploy.0 = Release|Win32
		{F4705C6A-08C3-4693-9A3C-4128424FEEC9}.Release|x64.ActiveCfg = Release|Win32
		{FF9B6629-EBE4-4A7A-A315-A8FCCD6ECA9D}.Debug|ARM.ActiveCfg = Debug|ARM
		{FF9B6629-EBE4-4A7A-A315-A8FCCD6ECA9D}.Debug|ARM.Build.0 = Debug|ARM
		{FF9B6629-EBE4-4A7A-A315-A8FCCD6ECA9D}.Debug|ARM.Deploy.0 = Debug|ARM
		{FF9B6629-EBE4-4A7A-A315-A8FCCD6ECA9D}.Debug|Durango.ActiveCfg = Debug|Win32
		{FF9B6629-EBE4-4A7A-A315-A8FCCD6ECA9D}.Debug|Mixed Platforms.ActiveCfg = Debug|Win32
		{FF9B6629-EBE4-4A7A-A315-A8FCCD6ECA9D}.Debug|Mixed Platforms.Build.0 = Debug|Win32
		{FF9B6629-EBE4-4A7A-A315-A8FCCD6ECA9D}.Debug|Mixed Platforms.Deploy.0 = Debug|Win32
		{FF9B6629-EBE4-4A7A-A315-A8FCCD6ECA9D}.Debug|Win32.ActiveCfg = Debug|Win32
		{FF9B6629-EBE4-4A7A-A315-A8FCCD6ECA9D}.Debug|Win32.Build.0 = Debug|Win32
		{FF9B6629-EBE4-4A7A-A315-A8FCCD6ECA9D}.Debug|Win32.Deploy.0 = Debug|Win32
		{FF9B6629-EBE4-4A7A-A315-A8FCCD6ECA9D}.Debug|x64.ActiveCfg = Debug|x64
		{FF9B6629-EBE4-4A7A-A315-A8FCCD6ECA9D}.Debug|x64.Build.0 = Debug|x64
		{FF9B6629-EBE4-4A7A-A315-A8FCCD6ECA9D}.Debug|x64.Deploy.0 = Debug|x64
		{FF9B6629-EBE4-4A7A-A315-A8FCCD6ECA9D}.Profile|ARM.ActiveCfg = Release|ARM
		{FF9B6629-EBE4-4A7A-A315-A8FCCD6ECA9D}.Profile|ARM.Build.0 = Release|ARM
		{FF9B6629-EBE4-4A7A-A315-A8FCCD6ECA9D}.Profile|ARM.Deploy.0 = Release|ARM
		{FF9B6629-EBE4-4A7A-A315-A8FCCD6ECA9D}.Profile|Durango.ActiveCfg = Release|Win32
		{FF9B6629-EBE4-4A7A-A315-A8FCCD6ECA9D}.Profile|Mixed Platforms.ActiveCfg = Release|Win32
		{FF9B6629-EBE4-4A7A-A315-A8FCCD6ECA9D}.Profile|Mixed Platforms.Build.0 = Release|Win32
		{FF9B6629-EBE4-4A7A-A315-A8FCCD6ECA9D}.Profile|Mixed Platforms.Deploy.0 = Release|Win32
		{FF9B6629-EBE4-4A7A-A315-A8FCCD6ECA9D}.Profile|Win32.ActiveCfg = Release|Win32
		{FF9B6629-EBE4-4A7A-A315-A8FCCD6ECA9D}.Profile|Win32.Build.0 = Release|Win32
		{FF9B6629-EBE4-4A7A-A315-A8FCCD6ECA9D}.Profile|Win32.Deploy.0 = Release|Win32
		{FF9B6629-EBE4-4A7A-A315-A8FCCD6ECA9D}.Profile|x64.ActiveCfg = Release|x64
		{FF9B6629-EBE4-4A7A-A315-A8FCCD6ECA9D}.Profile|x64.Build.0 = Release|x64
		{FF9B6629-EBE4-4A7A-A315-A8FCCD6ECA9D}.Profile|x64.Deploy.0 = Release|x64
		{FF9B6629-EBE4-4A7A-A315-A8FCCD6ECA9D}.Release|ARM.ActiveCfg = Release|ARM
		{FF9B6629-EBE4-4A7A-A315-A8FCCD6ECA9D}.Release|ARM.Build.0 = Release|ARM
		{FF9B6629-EBE4-4A7A-A315-A8FCCD6ECA9D}.Release|ARM.Deploy.0 = Release|ARM
		{FF9B6629-EBE4-4A7A-A315-A8FCCD6ECA9D}.Release|Durango.ActiveCfg = Release|Win32
		{FF9B6629-EBE4-4A7A-A315-A8FCCD6ECA9D}.Release|Mixed Platforms.ActiveCfg = Release|Win32
		{FF9B6629-EBE4-4A7A-A315-A8FCCD6ECA9D}.Release|Mixed Platforms.Build.0 = Release|Win32
		{FF9B6629-EBE4-4A7A-A315-A8FCCD6ECA9D}.Release|Mixed Platforms.Deploy.0 = Release|Win32
		{FF9B6629-EBE4-4A7A-A315-A8FCCD6ECA9D}.Release|Win32.ActiveCfg = Release|Win32
		{FF9B6629-EBE4-4A7A-A315-A8FCCD6ECA9D}.Release|Win32.Build.0 = Release|Win32
		{FF9B6629-EBE4-4A7A-A315-A8FCCD6ECA9D}.Release|Win32.Deploy.0 = Release|Win32
		{FF9B6629-EBE4-4A7A-A315-A8FCCD6ECA9D}.Release|x64.ActiveCfg = Release|x64
		{FF9B6629-EBE4-4A7A-A315-A8FCCD6ECA9D}.Release|x64.Build.0 = Release|x64
		{FF9B6629-EBE4-4A7A-A315-A8FCCD6ECA9D}.Release|x64.Deploy.0 = Release|x64
		{C8D53D04-6A1C-4099-9295-4DC571879017}.Debug|ARM.ActiveCfg = Debug|Durango
		{C8D53D04-6A1C-4099-9295-4DC571879017}.Debug|Durango.ActiveCfg = Debug|Durango
		{C8D53D04-6A1C-4099-9295-4DC571879017}.Debug|Durango.Build.0 = Debug|Durango
		{C8D53D04-6A1C-4099-9295-4DC571879017}.Debug|Durango.Deploy.0 = Debug|Durango
		{C8D53D04-6A1C-4099-9295-4DC571879017}.Debug|Mixed Platforms.ActiveCfg = Debug|Durango
		{C8D53D04-6A1C-4099-9295-4DC571879017}.Debug|Mixed Platforms.Build.0 = Debug|Durango
		{C8D53D04-6A1C-4099-9295-4DC571879017}.Debug|Mixed Platforms.Deploy.0 = Debug|Durango
		{C8D53D04-6A1C-4099-9295-4DC571879017}.Debug|Win32.ActiveCfg = Debug|Durango
		{C8D53D04-6A1C-4099-9295-4DC571879017}.Debug|x64.ActiveCfg = Debug|Durango
		{C8D53D04-6A1C-4099-9295-4DC571879017}.Profile|ARM.ActiveCfg = Profile|Durango
		{C8D53D04-6A1C-4099-9295-4DC571879017}.Profile|Durango.ActiveCfg = Profile|Durango
		{C8D53D04-6A1C-4099-9295-4DC571879017}.Profile|Durango.Build.0 = Profile|Durango
		{C8D53D04-6A1C-4099-9295-4DC571879017}.Profile|Durango.Deploy.0 = Profile|Durango
		{C8D53D04-6A1C-4099-9295-4DC571879017}.Profile|Mixed Platforms.ActiveCfg = Profile|Durango
		{C8D53D04-6A1C-4099-9295-4DC571879017}.Profile|Mixed Platforms.Build.0 = Profile|Durango
		{C8D53D04-6A1C-4099-9295-4DC571879017}.Profile|Mixed Platforms.Deploy.0 = Profile|Durango
		{C8D53D04-6A1C-4099-9295-4DC571879017}.Profile|Win32.ActiveCfg = Profile|Durango
		{C8D53D04-6A1C-4099-9295-4DC571879017}.Profile|x64.ActiveCfg = Profile|Durango
		{C8D53D04-6A1C-4099-9295-4DC571879017}.Release|ARM.ActiveCfg = Release|Durango
		{C8D53D04-6A1C-4099-9295-4DC571879017}.Release|Durango.ActiveCfg = Release|Durango
		{C8D53D04-6A1C-4099-9295-4DC571879017}.Release|Durango.Build.0 = Release|Durango
		{C8D53D04-6A1C-4099-9295-4DC571879017}.Release|Durango.Deploy.0 = Release|Durango
		{C8D53D04-6A1C-4099-9295-4DC571879017}.Release|Mixed Platforms.ActiveCfg = Release|Durango
		{C8D53D04-6A1C-4099-9295-4DC571879017}.Release|Mixed Platforms.Build.0 = Release|Durango
		{C8D53D04-6A1C-4099-9295-4DC571879017}.Release|Mixed Platforms.Deploy.0 = Release|Durango
		{C8D53D04-6A1C-4099-9295-4DC571879017}.Release|Win32.ActiveCfg = Release|Durango
		{C8D53D04-6A1C-4099-9295-4DC571879017}.Release|x64.ActiveCfg = Release|Durango
	EndGlobalSection
	GlobalSection(SolutionProperties) = preSolution
		HideSolutionNode = FALSE
	EndGlobalSection
EndGlobal
