<?xml version="1.0" encoding="utf-8"?>
<Project ToolsVersion="4.0" xmlns="http://schemas.microsoft.com/developer/msbuild/2003">
  <ItemGroup>
    <Filter Include="Assets">
      <UniqueIdentifier>7d21e0c5-5719-4f72-a7fb-4d884ab714d6</UniqueIdentifier>
    </Filter>
    <Image Include="Assets\Logo.png">
      <Filter>Assets</Filter>
    </Image>
    <Image Include="Assets\SmallLogo.png">
      <Filter>Assets</Filter>
    </Image>
    <Image Include="Assets\StoreLogo.png">
      <Filter>Assets</Filter>
    </Image>
    <Image Include="Assets\SplashScreen.png">
      <Filter>Assets</Filter>
    </Image>
    <Filter Include="Headers">
      <UniqueIdentifier>{41f778e2-613a-415d-9032-4ad2984dcb1d}</UniqueIdentifier>
    </Filter>
    <Filter Include="Sources">
      <UniqueIdentifier>{9093c40d-0c54-4459-990d-d917dc42cadf}</UniqueIdentifier>
    </Filter>
  </ItemGroup>
  <ItemGroup>
    <ClCompile Include="CubeRenderer.cpp">
      <Filter>Sources</Filter>
    </ClCompile>
    <ClCompile Include="Direct3DBase.cpp">
      <Filter>Sources</Filter>
    </ClCompile>
    <ClCompile Include="jupiter_entrypoint.cpp">
      <Filter>Sources</Filter>
    </ClCompile>
    <ClCompile Include="pch.cpp">
      <Filter>Sources</Filter>
    </ClCompile>
  </ItemGroup>
  <ItemGroup>
    <ClInclude Include="BasicTimer.h">
      <Filter>Headers</Filter>
    </ClInclude>
    <ClInclude Include="CubeRenderer.h">
      <Filter>Headers</Filter>
    </ClInclude>
    <ClInclude Include="Direct3DBase.h">
      <Filter>Headers</Filter>
    </ClInclude>
    <ClInclude Include="DirectXHelper.h">
      <Filter>Headers</Filter>
    </ClInclude>
    <ClInclude Include="jupiter_entrypoint.h">
      <Filter>Headers</Filter>
    </ClInclude>
    <ClInclude Include="pch.h">
      <Filter>Headers</Filter>
    </ClInclude>
    <ClInclude Include="..\shared_common\header\AppView.hpp">
      <Filter>Headers</Filter>
    </ClInclude>
  </ItemGroup>
  <ItemGroup>
    <AppxManifest Include="Package.appxmanifest" />
  </ItemGroup>
  <ItemGroup>
    <None Include="jupiter_entrypoint_TemporaryKey.pfx" />
  </ItemGroup>
  <ItemGroup>
    <FxCompile Include="..\shared_common\shader\SimplePixelShader.hlsl" />
    <FxCompile Include="..\shared_common\shader\SimpleVertexShader.hlsl" />
  </ItemGroup>
</Project>